
Microsoft Visual Studio Solution File, Format Version 12.00
# Visual Studio Version 17
VisualStudioVersion = 17.2.32602.215
MinimumVisualStudioVersion = 10.0.40219.1
Project("{FAE04EC0-301F-11D3-BF4B-00C04F79EFBC}") = "calculator", "calculator\calculator.csproj", "{8D02FC13-B1B0-4697-8AD5-D1C342B2F927}"
EndProject
Global
	GlobalSection(SolutionConfigurationPlatforms) = preSolution
		Debug|Any CPU = Debug|Any CPU
		Release|Any CPU = Release|Any CPU
	EndGlobalSection
	GlobalSection(ProjectConfigurationPlatforms) = postSolution
		{8D02FC13-B1B0-4697-8AD5-D1C342B2F927}.Debug|Any CPU.ActiveCfg = Debug|Any CPU
		{8D02FC13-B1B0-4697-8AD5-D1C342B2F927}.Debug|Any CPU.Build.0 = Debug|Any CPU
		{8D02FC13-B1B0-4697-8AD5-D1C342B2F927}.Release|Any CPU.ActiveCfg = Release|Any CPU
		{8D02FC13-B1B0-4697-8AD5-D1C342B2F927}.Release|Any CPU.Build.0 = Release|Any CPU
	EndGlobalSection
	GlobalSection(SolutionProperties) = preSolution
		HideSolutionNode = FALSE
	EndGlobalSection
	GlobalSection(ExtensibilityGlobals) = postSolution
		SolutionGuid = {BA8F69FB-7E89-4A66-81B2-563C9210E832}
	EndGlobalSection
EndGlobal
